
Microsoft Visual Studio Solution File, Format Version 12.00
# Visual Studio Version 16
VisualStudioVersion = 16.0.31129.286
MinimumVisualStudioVersion = 10.0.40219.1
Project("{9A19103F-16F7-4668-BE54-9A1E7A4F7556}") = "MoviesApp", "src\MoviesApp\MoviesApp.csproj", "{FC986D4F-136B-421C-8202-52EC83EFF331}"
EndProject
Global
	GlobalSection(SolutionConfigurationPlatforms) = preSolution
		Debug|Any CPU = Debug|Any CPU
		Release|Any CPU = Release|Any CPU
	EndGlobalSection
	GlobalSection(ProjectConfigurationPlatforms) = postSolution
		{FC986D4F-136B-421C-8202-52EC83EFF331}.Debug|Any CPU.ActiveCfg = Debug|Any CPU
		{FC986D4F-136B-421C-8202-52EC83EFF331}.Debug|Any CPU.Build.0 = Debug|Any CPU
		{FC986D4F-136B-421C-8202-52EC83EFF331}.Release|Any CPU.ActiveCfg = Release|Any CPU
		{FC986D4F-136B-421C-8202-52EC83EFF331}.Release|Any CPU.Build.0 = Release|Any CPU
	EndGlobalSection
	GlobalSection(SolutionProperties) = preSolution
		HideSolutionNode = FALSE
	EndGlobalSection
	GlobalSection(ExtensibilityGlobals) = postSolution
		SolutionGuid = {8E41CF26-7214-48E9-A730-8BA1B6D57E77}
	EndGlobalSection
EndGlobal
